
Microsoft Visual Studio Solution File, Format Version 12.00
# Visual Studio Version 17
VisualStudioVersion = 17.7.34221.43
MinimumVisualStudioVersion = 10.0.40219.1
Project("{9A19103F-16F7-4668-BE54-9A1E7A4F7556}") = "BoltFoodConsole", "BoltFoodConsole\BoltFoodConsole.csproj", "{0C666AFE-A2DE-4169-B6E1-C9571AD5A1A8}"
EndProject
Project("{2150E333-8FDC-42A3-9474-1A3956D46DE8}") = "Bolt.Domain", "Bolt.Domain", "{3361AFE5-A352-4931-9921-FD366F7E19EF}"
EndProject
Project("{2150E333-8FDC-42A3-9474-1A3956D46DE8}") = "Bolt.DAL", "Bolt.DAL", "{2AA1FC56-E099-48D5-98C3-29590D434BB2}"
EndProject
Project("{2150E333-8FDC-42A3-9474-1A3956D46DE8}") = "Bolt.BLL", "Bolt.BLL", "{2C3DE3AF-C3C8-4861-8631-DD7D3179B830}"
EndProject
Project("{9A19103F-16F7-4668-BE54-9A1E7A4F7556}") = "Domain", "Domain\Domain.csproj", "{27D4CBB2-A03B-4EF8-8F48-5B9332A1CCEF}"
EndProject
Project("{9A19103F-16F7-4668-BE54-9A1E7A4F7556}") = "DAL", "DAL\DAL.csproj", "{21240EE2-4DF8-474C-8C9E-CA7200CA6BB0}"
EndProject
Project("{9A19103F-16F7-4668-BE54-9A1E7A4F7556}") = "BLL", "BLL\BLL.csproj", "{4C8DCE5F-A396-4227-ACB9-D714BB943874}"
EndProject
Global
	GlobalSection(SolutionConfigurationPlatforms) = preSolution
		Debug|Any CPU = Debug|Any CPU
		Release|Any CPU = Release|Any CPU
	EndGlobalSection
	GlobalSection(ProjectConfigurationPlatforms) = postSolution
		{0C666AFE-A2DE-4169-B6E1-C9571AD5A1A8}.Debug|Any CPU.ActiveCfg = Debug|Any CPU
		{0C666AFE-A2DE-4169-B6E1-C9571AD5A1A8}.Debug|Any CPU.Build.0 = Debug|Any CPU
		{0C666AFE-A2DE-4169-B6E1-C9571AD5A1A8}.Release|Any CPU.ActiveCfg = Release|Any CPU
		{0C666AFE-A2DE-4169-B6E1-C9571AD5A1A8}.Release|Any CPU.Build.0 = Release|Any CPU
		{27D4CBB2-A03B-4EF8-8F48-5B9332A1CCEF}.Debug|Any CPU.ActiveCfg = Debug|Any CPU
		{27D4CBB2-A03B-4EF8-8F48-5B9332A1CCEF}.Debug|Any CPU.Build.0 = Debug|Any CPU
		{27D4CBB2-A03B-4EF8-8F48-5B9332A1CCEF}.Release|Any CPU.ActiveCfg = Release|Any CPU
		{27D4CBB2-A03B-4EF8-8F48-5B9332A1CCEF}.Release|Any CPU.Build.0 = Release|Any CPU
		{21240EE2-4DF8-474C-8C9E-CA7200CA6BB0}.Debug|Any CPU.ActiveCfg = Debug|Any CPU
		{21240EE2-4DF8-474C-8C9E-CA7200CA6BB0}.Debug|Any CPU.Build.0 = Debug|Any CPU
		{21240EE2-4DF8-474C-8C9E-CA7200CA6BB0}.Release|Any CPU.ActiveCfg = Release|Any CPU
		{21240EE2-4DF8-474C-8C9E-CA7200CA6BB0}.Release|Any CPU.Build.0 = Release|Any CPU
		{4C8DCE5F-A396-4227-ACB9-D714BB943874}.Debug|Any CPU.ActiveCfg = Debug|Any CPU
		{4C8DCE5F-A396-4227-ACB9-D714BB943874}.Debug|Any CPU.Build.0 = Debug|Any CPU
		{4C8DCE5F-A396-4227-ACB9-D714BB943874}.Release|Any CPU.ActiveCfg = Release|Any CPU
		{4C8DCE5F-A396-4227-ACB9-D714BB943874}.Release|Any CPU.Build.0 = Release|Any CPU
	EndGlobalSection
	GlobalSection(SolutionProperties) = preSolution
		HideSolutionNode = FALSE
	EndGlobalSection
	GlobalSection(NestedProjects) = preSolution
		{27D4CBB2-A03B-4EF8-8F48-5B9332A1CCEF} = {3361AFE5-A352-4931-9921-FD366F7E19EF}
		{21240EE2-4DF8-474C-8C9E-CA7200CA6BB0} = {2AA1FC56-E099-48D5-98C3-29590D434BB2}
		{4C8DCE5F-A396-4227-ACB9-D714BB943874} = {2C3DE3AF-C3C8-4861-8631-DD7D3179B830}
	EndGlobalSection
	GlobalSection(ExtensibilityGlobals) = postSolution
		SolutionGuid = {FBF58829-E0F9-4D54-BE18-37C776B3DBAD}
	EndGlobalSection
EndGlobal
